
Microsoft Visual Studio Solution File, Format Version 12.00
# Visual Studio Version 16
VisualStudioVersion = 16.0.30011.22
MinimumVisualStudioVersion = 10.0.40219.1
Project("{FAE04EC0-301F-11D3-BF4B-00C04F79EFBC}") = "TP_asp_Yicheng_Line", "TP_asp_Yicheng_Line\TP_asp_Yicheng_Line.csproj", "{948C4B39-43C3-4514-81F9-A2069F4CF2DF}"
EndProject
Global
	GlobalSection(SolutionConfigurationPlatforms) = preSolution
		Debug|Any CPU = Debug|Any CPU
		Release|Any CPU = Release|Any CPU
	EndGlobalSection
	GlobalSection(ProjectConfigurationPlatforms) = postSolution
		{948C4B39-43C3-4514-81F9-A2069F4CF2DF}.Debug|Any CPU.ActiveCfg = Debug|Any CPU
		{948C4B39-43C3-4514-81F9-A2069F4CF2DF}.Debug|Any CPU.Build.0 = Debug|Any CPU
		{948C4B39-43C3-4514-81F9-A2069F4CF2DF}.Release|Any CPU.ActiveCfg = Release|Any CPU
		{948C4B39-43C3-4514-81F9-A2069F4CF2DF}.Release|Any CPU.Build.0 = Release|Any CPU
	EndGlobalSection
	GlobalSection(SolutionProperties) = preSolution
		HideSolutionNode = FALSE
	EndGlobalSection
	GlobalSection(ExtensibilityGlobals) = postSolution
		SolutionGuid = {4FD7AEDB-3F0C-4647-8BA6-5BBF3D196D3C}
	EndGlobalSection
EndGlobal
